
Microsoft Visual Studio Solution File, Format Version 12.00
# Visual Studio 14
VisualStudioVersion = 14.0.25420.1
MinimumVisualStudioVersion = 10.0.40219.1
Project("{FAE04EC0-301F-11D3-BF4B-00C04F79EFBC}") = "Shapes", "Shapes\Shapes.csproj", "{17ED9C58-F1AF-423A-889E-944BD02E9430}"
EndProject
Project("{FAE04EC0-301F-11D3-BF4B-00C04F79EFBC}") = "BankAccounts", "BankAccounts\BankAccounts.csproj", "{621469A7-1F12-4340-A20E-AA0024010198}"
EndProject
Project("{FAE04EC0-301F-11D3-BF4B-00C04F79EFBC}") = "Exception", "Exception\Exception.csproj", "{441B6AA9-1F04-4C39-82CE-B9EAB6059984}"
EndProject
Global
	GlobalSection(SolutionConfigurationPlatforms) = preSolution
		Debug|Any CPU = Debug|Any CPU
		Release|Any CPU = Release|Any CPU
	EndGlobalSection
	GlobalSection(ProjectConfigurationPlatforms) = postSolution
		{17ED9C58-F1AF-423A-889E-944BD02E9430}.Debug|Any CPU.ActiveCfg = Debug|Any CPU
		{17ED9C58-F1AF-423A-889E-944BD02E9430}.Debug|Any CPU.Build.0 = Debug|Any CPU
		{17ED9C58-F1AF-423A-889E-944BD02E9430}.Release|Any CPU.ActiveCfg = Release|Any CPU
		{17ED9C58-F1AF-423A-889E-944BD02E9430}.Release|Any CPU.Build.0 = Release|Any CPU
		{621469A7-1F12-4340-A20E-AA0024010198}.Debug|Any CPU.ActiveCfg = Debug|Any CPU
		{621469A7-1F12-4340-A20E-AA0024010198}.Debug|Any CPU.Build.0 = Debug|Any CPU
		{621469A7-1F12-4340-A20E-AA0024010198}.Release|Any CPU.ActiveCfg = Release|Any CPU
		{621469A7-1F12-4340-A20E-AA0024010198}.Release|Any CPU.Build.0 = Release|Any CPU
		{441B6AA9-1F04-4C39-82CE-B9EAB6059984}.Debug|Any CPU.ActiveCfg = Debug|Any CPU
		{441B6AA9-1F04-4C39-82CE-B9EAB6059984}.Debug|Any CPU.Build.0 = Debug|Any CPU
		{441B6AA9-1F04-4C39-82CE-B9EAB6059984}.Release|Any CPU.ActiveCfg = Release|Any CPU
		{441B6AA9-1F04-4C39-82CE-B9EAB6059984}.Release|Any CPU.Build.0 = Release|Any CPU
	EndGlobalSection
	GlobalSection(SolutionProperties) = preSolution
		HideSolutionNode = FALSE
	EndGlobalSection
EndGlobal
